
Microsoft Visual Studio Solution File, Format Version 12.00
# Visual Studio Version 16
VisualStudioVersion = 16.0.31702.278
MinimumVisualStudioVersion = 10.0.40219.1
Project("{FAE04EC0-301F-11D3-BF4B-00C04F79EFBC}") = "examen", "examen\examen.csproj", "{074A8D5F-CA8C-4B68-8012-5F2CD4FCDC19}"
EndProject
Project("{FAE04EC0-301F-11D3-BF4B-00C04F79EFBC}") = "TopLibrary", "Application\TopLibrary.csproj", "{1AE8DECF-E904-45BE-B12E-196BDE3F1644}"
EndProject
Global
	GlobalSection(SolutionConfigurationPlatforms) = preSolution
		Debug|Any CPU = Debug|Any CPU
		Release|Any CPU = Release|Any CPU
	EndGlobalSection
	GlobalSection(ProjectConfigurationPlatforms) = postSolution
		{074A8D5F-CA8C-4B68-8012-5F2CD4FCDC19}.Debug|Any CPU.ActiveCfg = Debug|Any CPU
		{074A8D5F-CA8C-4B68-8012-5F2CD4FCDC19}.Debug|Any CPU.Build.0 = Debug|Any CPU
		{074A8D5F-CA8C-4B68-8012-5F2CD4FCDC19}.Release|Any CPU.ActiveCfg = Release|Any CPU
		{074A8D5F-CA8C-4B68-8012-5F2CD4FCDC19}.Release|Any CPU.Build.0 = Release|Any CPU
		{1AE8DECF-E904-45BE-B12E-196BDE3F1644}.Debug|Any CPU.ActiveCfg = Debug|Any CPU
		{1AE8DECF-E904-45BE-B12E-196BDE3F1644}.Debug|Any CPU.Build.0 = Debug|Any CPU
		{1AE8DECF-E904-45BE-B12E-196BDE3F1644}.Release|Any CPU.ActiveCfg = Release|Any CPU
		{1AE8DECF-E904-45BE-B12E-196BDE3F1644}.Release|Any CPU.Build.0 = Release|Any CPU
	EndGlobalSection
	GlobalSection(SolutionProperties) = preSolution
		HideSolutionNode = FALSE
	EndGlobalSection
	GlobalSection(ExtensibilityGlobals) = postSolution
		SolutionGuid = {62B5DCBA-1DD4-4ACB-A104-6165FFD283B3}
	EndGlobalSection
EndGlobal
